// !$*UTF8*$!
{
	archiveVersion = 1;
	classes = {
	};
	objectVersion = 50;
	objects = {

/* Begin PBXBuildFile section */
		15050317225AA1530033FD83 /* AppDelegate.swift in Sources */ = {isa = PBXBuildFile; fileRef = 15050316225AA1530033FD83 /* AppDelegate.swift */; };
		15050319225AA1530033FD83 /* GameScene.sks in Resources */ = {isa = PBXBuildFile; fileRef = 15050318225AA1530033FD83 /* GameScene.sks */; };
		1505031B225AA1530033FD83 /* Actions.sks in Resources */ = {isa = PBXBuildFile; fileRef = 1505031A225AA1530033FD83 /* Actions.sks */; };
		1505031D225AA1530033FD83 /* GameScene.swift in Sources */ = {isa = PBXBuildFile; fileRef = 1505031C225AA1530033FD83 /* GameScene.swift */; };
		1505031F225AA1530033FD83 /* GameViewController.swift in Sources */ = {isa = PBXBuildFile; fileRef = 1505031E225AA1530033FD83 /* GameViewController.swift */; };
		15050322225AA1530033FD83 /* Main.storyboard in Resources */ = {isa = PBXBuildFile; fileRef = 15050320225AA1530033FD83 /* Main.storyboard */; };
		15050324225AA1570033FD83 /* Assets.xcassets in Resources */ = {isa = PBXBuildFile; fileRef = 15050323225AA1570033FD83 /* Assets.xcassets */; };
		15050327225AA1570033FD83 /* LaunchScreen.storyboard in Resources */ = {isa = PBXBuildFile; fileRef = 15050325225AA1570033FD83 /* LaunchScreen.storyboard */; };
		15050336225AA2DC0033FD83 /* powerUp.wav in Resources */ = {isa = PBXBuildFile; fileRef = 1505032F225AA2DC0033FD83 /* powerUp.wav */; };
		15050337225AA2DC0033FD83 /* move.wav in Resources */ = {isa = PBXBuildFile; fileRef = 15050330225AA2DC0033FD83 /* move.wav */; };
		15050338225AA2DC0033FD83 /* MenuHighscoreMusic.mp3 in Resources */ = {isa = PBXBuildFile; fileRef = 15050331225AA2DC0033FD83 /* MenuHighscoreMusic.mp3 */; };
		15050339225AA2DC0033FD83 /* background.wav in Resources */ = {isa = PBXBuildFile; fileRef = 15050332225AA2DC0033FD83 /* background.wav */; };
		1505033A225AA2DC0033FD83 /* levelCompleted.wav in Resources */ = {isa = PBXBuildFile; fileRef = 15050333225AA2DC0033FD83 /* levelCompleted.wav */; };
		1505033B225AA2DC0033FD83 /* fail.wav in Resources */ = {isa = PBXBuildFile; fileRef = 15050334225AA2DC0033FD83 /* fail.wav */; };
		1505033C225AA2DC0033FD83 /* levelUp.wav in Resources */ = {isa = PBXBuildFile; fileRef = 15050335225AA2DC0033FD83 /* levelUp.wav */; };
		15E77B772265F0410095AC3E /* Pulse.sks in Resources */ = {isa = PBXBuildFile; fileRef = 15E77B762265F0410095AC3E /* Pulse.sks */; };
		15E77B792265F06C0095AC3E /* Fireworks.sks in Resources */ = {isa = PBXBuildFile; fileRef = 15E77B782265F06C0095AC3E /* Fireworks.sks */; };
		15E77B7D226792D60095AC3E /* GameFunctions.swift in Sources */ = {isa = PBXBuildFile; fileRef = 15E77B7C226792D60095AC3E /* GameFunctions.swift */; };
		15E77B7F226792EA0095AC3E /* GameElements.swift in Sources */ = {isa = PBXBuildFile; fileRef = 15E77B7E226792EA0095AC3E /* GameElements.swift */; };
		15F3C04A228AF27B00088A0F /* StartScene.sks in Resources */ = {isa = PBXBuildFile; fileRef = 15F3C046228AF27A00088A0F /* StartScene.sks */; };
		15F3C04B228AF27B00088A0F /* StartScene.swift in Sources */ = {isa = PBXBuildFile; fileRef = 15F3C047228AF27B00088A0F /* StartScene.swift */; };
		15F3C04C228AF27B00088A0F /* GameOverScene.sks in Resources */ = {isa = PBXBuildFile; fileRef = 15F3C048228AF27B00088A0F /* GameOverScene.sks */; };
		15F3C04D228AF27B00088A0F /* GameOverScene.swift in Sources */ = {isa = PBXBuildFile; fileRef = 15F3C049228AF27B00088A0F /* GameOverScene.swift */; };
		15F3C04F228AF91900088A0F /* ScrollingBackground.swift in Sources */ = {isa = PBXBuildFile; fileRef = 15F3C04E228AF91900088A0F /* ScrollingBackground.swift */; };
		15F3C051228EDA0500088A0F /* GameHandler.swift in Sources */ = {isa = PBXBuildFile; fileRef = 15F3C050228EDA0500088A0F /* GameHandler.swift */; };
/* End PBXBuildFile section */

/* Begin PBXFileReference section */
		15050313225AA1530033FD83 /* Color Trek.app */ = {isa = PBXFileReference; explicitFileType = wrapper.application; includeInIndex = 0; path = "Color Trek.app"; sourceTree = BUILT_PRODUCTS_DIR; };
		15050316225AA1530033FD83 /* AppDelegate.swift */ = {isa = PBXFileReference; lastKnownFileType = sourcecode.swift; path = AppDelegate.swift; sourceTree = "<group>"; };
		15050318225AA1530033FD83 /* GameScene.sks */ = {isa = PBXFileReference; lastKnownFileType = file.sks; path = GameScene.sks; sourceTree = "<group>"; };
		1505031A225AA1530033FD83 /* Actions.sks */ = {isa = PBXFileReference; lastKnownFileType = file.sks; path = Actions.sks; sourceTree = "<group>"; };
		1505031C225AA1530033FD83 /* GameScene.swift */ = {isa = PBXFileReference; lastKnownFileType = sourcecode.swift; path = GameScene.swift; sourceTree = "<group>"; };
		1505031E225AA1530033FD83 /* GameViewController.swift */ = {isa = PBXFileReference; lastKnownFileType = sourcecode.swift; path = GameViewController.swift; sourceTree = "<group>"; };
		15050321225AA1530033FD83 /* Base */ = {isa = PBXFileReference; lastKnownFileType = file.storyboard; name = Base; path = Base.lproj/Main.storyboard; sourceTree = "<group>"; };
		15050323225AA1570033FD83 /* Assets.xcassets */ = {isa = PBXFileReference; lastKnownFileType = folder.assetcatalog; path = Assets.xcassets; sourceTree = "<group>"; };
		15050326225AA1570033FD83 /* Base */ = {isa = PBXFileReference; lastKnownFileType = file.storyboard; name = Base; path = Base.lproj/LaunchScreen.storyboard; sourceTree = "<group>"; };
		15050328225AA1570033FD83 /* Info.plist */ = {isa = PBXFileReference; lastKnownFileType = text.plist.xml; path = Info.plist; sourceTree = "<group>"; };
		1505032F225AA2DC0033FD83 /* powerUp.wav */ = {isa = PBXFileReference; lastKnownFileType = audio.wav; path = powerUp.wav; sourceTree = "<group>"; };
		15050330225AA2DC0033FD83 /* move.wav */ = {isa = PBXFileReference; lastKnownFileType = audio.wav; path = move.wav; sourceTree = "<group>"; };
		15050331225AA2DC0033FD83 /* MenuHighscoreMusic.mp3 */ = {isa = PBXFileReference; lastKnownFileType = audio.mp3; path = MenuHighscoreMusic.mp3; sourceTree = "<group>"; };
		15050332225AA2DC0033FD83 /* background.wav */ = {isa = PBXFileReference; lastKnownFileType = audio.wav; path = background.wav; sourceTree = "<group>"; };
		15050333225AA2DC0033FD83 /* levelCompleted.wav */ = {isa = PBXFileReference; lastKnownFileType = audio.wav; path = levelCompleted.wav; sourceTree = "<group>"; };
		15050334225AA2DC0033FD83 /* fail.wav */ = {isa = PBXFileReference; lastKnownFileType = audio.wav; path = fail.wav; sourceTree = "<group>"; };
		15050335225AA2DC0033FD83 /* levelUp.wav */ = {isa = PBXFileReference; lastKnownFileType = audio.wav; path = levelUp.wav; sourceTree = "<group>"; };
		15E77B762265F0410095AC3E /* Pulse.sks */ = {isa = PBXFileReference; lastKnownFileType = file.sks; path = Pulse.sks; sourceTree = "<group>"; };
		15E77B782265F06C0095AC3E /* Fireworks.sks */ = {isa = PBXFileReference; lastKnownFileType = file.sks; path = Fireworks.sks; sourceTree = "<group>"; };
		15E77B7C226792D60095AC3E /* GameFunctions.swift */ = {isa = PBXFileReference; lastKnownFileType = sourcecode.swift; path = GameFunctions.swift; sourceTree = "<group>"; };
		15E77B7E226792EA0095AC3E /* GameElements.swift */ = {isa = PBXFileReference; lastKnownFileType = sourcecode.swift; path = GameElements.swift; sourceTree = "<group>"; };
		15F3C046228AF27A00088A0F /* StartScene.sks */ = {isa = PBXFileReference; lastKnownFileType = file.sks; path = StartScene.sks; sourceTree = "<group>"; };
		15F3C047228AF27B00088A0F /* StartScene.swift */ = {isa = PBXFileReference; fileEncoding = 4; lastKnownFileType = sourcecode.swift; path = StartScene.swift; sourceTree = "<group>"; };
		15F3C048228AF27B00088A0F /* GameOverScene.sks */ = {isa = PBXFileReference; lastKnownFileType = file.sks; path = GameOverScene.sks; sourceTree = "<group>"; };
		15F3C049228AF27B00088A0F /* GameOverScene.swift */ = {isa = PBXFileReference; fileEncoding = 4; lastKnownFileType = sourcecode.swift; path = GameOverScene.swift; sourceTree = "<group>"; };
		15F3C04E228AF91900088A0F /* ScrollingBackground.swift */ = {isa = PBXFileReference; lastKnownFileType = sourcecode.swift; path = ScrollingBackground.swift; sourceTree = "<group>"; };
		15F3C050228EDA0500088A0F /* GameHandler.swift */ = {isa = PBXFileReference; lastKnownFileType = sourcecode.swift; path = GameHandler.swift; sourceTree = "<group>"; };
/* End PBXFileReference section */

/* Begin PBXFrameworksBuildPhase section */
		15050310225AA1530033FD83 /* Frameworks */ = {
			isa = PBXFrameworksBuildPhase;
			buildActionMask = 2147483647;
			files = (
			);
			runOnlyForDeploymentPostprocessing = 0;
		};
/* End PBXFrameworksBuildPhase section */

/* Begin PBXGroup section */
		1505030A225AA1530033FD83 = {
			isa = PBXGroup;
			children = (
				15050315225AA1530033FD83 /* Color Trek */,
				15050314225AA1530033FD83 /* Products */,
			);
			sourceTree = "<group>";
		};
		15050314225AA1530033FD83 /* Products */ = {
			isa = PBXGroup;
			children = (
				15050313225AA1530033FD83 /* Color Trek.app */,
			);
			name = Products;
			sourceTree = "<group>";
		};
		15050315225AA1530033FD83 /* Color Trek */ = {
			isa = PBXGroup;
			children = (
				15050316225AA1530033FD83 /* AppDelegate.swift */,
				1505031E225AA1530033FD83 /* GameViewController.swift */,
				15E77B7B226792790095AC3E /* Game Scenes */,
				15E77B7A226792330095AC3E /* Particles */,
				1505031C225AA1530033FD83 /* GameScene.swift */,
				15F3C047228AF27B00088A0F /* StartScene.swift */,
				15F3C049228AF27B00088A0F /* GameOverScene.swift */,
				15E77B7E226792EA0095AC3E /* GameElements.swift */,
				15E77B7C226792D60095AC3E /* GameFunctions.swift */,
				15F3C04E228AF91900088A0F /* ScrollingBackground.swift */,
				15F3C050228EDA0500088A0F /* GameHandler.swift */,
				1505031A225AA1530033FD83 /* Actions.sks */,
				15050320225AA1530033FD83 /* Main.storyboard */,
				15050323225AA1570033FD83 /* Assets.xcassets */,
				1505032E225AA2DC0033FD83 /* Sounds */,
				15050325225AA1570033FD83 /* LaunchScreen.storyboard */,
				15050328225AA1570033FD83 /* Info.plist */,
			);
			path = "Color Trek";
			sourceTree = "<group>";
		};
		1505032E225AA2DC0033FD83 /* Sounds */ = {
			isa = PBXGroup;
			children = (
				1505032F225AA2DC0033FD83 /* powerUp.wav */,
				15050330225AA2DC0033FD83 /* move.wav */,
				15050331225AA2DC0033FD83 /* MenuHighscoreMusic.mp3 */,
				15050332225AA2DC0033FD83 /* background.wav */,
				15050333225AA2DC0033FD83 /* levelCompleted.wav */,
				15050334225AA2DC0033FD83 /* fail.wav */,
				15050335225AA2DC0033FD83 /* levelUp.wav */,
			);
			path = Sounds;
			sourceTree = "<group>";
		};
		15E77B7A226792330095AC3E /* Particles */ = {
			isa = PBXGroup;
			children = (
				15E77B782265F06C0095AC3E /* Fireworks.sks */,
				15E77B762265F0410095AC3E /* Pulse.sks */,
			);
			path = Particles;
			sourceTree = "<group>";
		};
		15E77B7B226792790095AC3E /* Game Scenes */ = {
			isa = PBXGroup;
			children = (
				15050318225AA1530033FD83 /* GameScene.sks */,
				15F3C046228AF27A00088A0F /* StartScene.sks */,
				15F3C048228AF27B00088A0F /* GameOverScene.sks */,
			);
			path = "Game Scenes";
			sourceTree = "<group>";
		};
/* End PBXGroup section */

/* Begin PBXNativeTarget section */
		15050312225AA1530033FD83 /* Color Trek */ = {
			isa = PBXNativeTarget;
			buildConfigurationList = 1505032B225AA1570033FD83 /* Build configuration list for PBXNativeTarget "Color Trek" */;
			buildPhases = (
				1505030F225AA1530033FD83 /* Sources */,
				15050310225AA1530033FD83 /* Frameworks */,
				15050311225AA1530033FD83 /* Resources */,
			);
			buildRules = (
			);
			dependencies = (
			);
			name = "Color Trek";
			productName = "Color Trek";
			productReference = 15050313225AA1530033FD83 /* Color Trek.app */;
			productType = "com.apple.product-type.application";
		};
/* End PBXNativeTarget section */

/* Begin PBXProject section */
		1505030B225AA1530033FD83 /* Project object */ = {
			isa = PBXProject;
			attributes = {
				LastSwiftUpdateCheck = 1000;
				LastUpgradeCheck = 1000;
				ORGANIZATIONNAME = "Kamal Maged";
				TargetAttributes = {
					15050312225AA1530033FD83 = {
						CreatedOnToolsVersion = 10.0;
					};
				};
			};
			buildConfigurationList = 1505030E225AA1530033FD83 /* Build configuration list for PBXProject "Color Trek" */;
			compatibilityVersion = "Xcode 9.3";
			developmentRegion = en;
			hasScannedForEncodings = 0;
			knownRegions = (
				en,
				Base,
			);
			mainGroup = 1505030A225AA1530033FD83;
			productRefGroup = 15050314225AA1530033FD83 /* Products */;
			projectDirPath = "";
			projectRoot = "";
			targets = (
				15050312225AA1530033FD83 /* Color Trek */,
			);
		};
/* End PBXProject section */

/* Begin PBXResourcesBuildPhase section */
		15050311225AA1530033FD83 /* Resources */ = {
			isa = PBXResourcesBuildPhase;
			buildActionMask = 2147483647;
			files = (
				15050322225AA1530033FD83 /* Main.storyboard in Resources */,
				15050319225AA1530033FD83 /* GameScene.sks in Resources */,
				15050339225AA2DC0033FD83 /* background.wav in Resources */,
				15F3C04A228AF27B00088A0F /* StartScene.sks in Resources */,
				15F3C04C228AF27B00088A0F /* GameOverScene.sks in Resources */,
				1505033A225AA2DC0033FD83 /* levelCompleted.wav in Resources */,
				15E77B792265F06C0095AC3E /* Fireworks.sks in Resources */,
				1505033C225AA2DC0033FD83 /* levelUp.wav in Resources */,
				15050324225AA1570033FD83 /* Assets.xcassets in Resources */,
				15050337225AA2DC0033FD83 /* move.wav in Resources */,
				15050327225AA1570033FD83 /* LaunchScreen.storyboard in Resources */,
				1505031B225AA1530033FD83 /* Actions.sks in Resources */,
				1505033B225AA2DC0033FD83 /* fail.wav in Resources */,
				15050338225AA2DC0033FD83 /* MenuHighscoreMusic.mp3 in Resources */,
				15E77B772265F0410095AC3E /* Pulse.sks in Resources */,
				15050336225AA2DC0033FD83 /* powerUp.wav in Resources */,
			);
			runOnlyForDeploymentPostprocessing = 0;
		};
/* End PBXResourcesBuildPhase section */

/* Begin PBXSourcesBuildPhase section */
		1505030F225AA1530033FD83 /* Sources */ = {
			isa = PBXSourcesBuildPhase;
			buildActionMask = 2147483647;
			files = (
				15E77B7F226792EA0095AC3E /* GameElements.swift in Sources */,
				15F3C04F228AF91900088A0F /* ScrollingBackground.swift in Sources */,
				15F3C04B228AF27B00088A0F /* StartScene.swift in Sources */,
				15F3C04D228AF27B00088A0F /* GameOverScene.swift in Sources */,
				1505031D225AA1530033FD83 /* GameScene.swift in Sources */,
				15F3C051228EDA0500088A0F /* GameHandler.swift in Sources */,
				15E77B7D226792D60095AC3E /* GameFunctions.swift in Sources */,
				1505031F225AA1530033FD83 /* GameViewController.swift in Sources */,
				15050317225AA1530033FD83 /* AppDelegate.swift in Sources */,
			);
			runOnlyForDeploymentPostprocessing = 0;
		};
/* End PBXSourcesBuildPhase section */

/* Begin PBXVariantGroup section */
		15050320225AA1530033FD83 /* Main.storyboard */ = {
			isa = PBXVariantGroup;
			children = (
				15050321225AA1530033FD83 /* Base */,
			);
			name = Main.storyboard;
			sourceTree = "<group>";
		};
		15050325225AA1570033FD83 /* LaunchScreen.storyboard */ = {
			isa = PBXVariantGroup;
			children = (
				15050326225AA1570033FD83 /* Base */,
			);
			name = LaunchScreen.storyboard;
			sourceTree = "<group>";
		};
/* End PBXVariantGroup section */

/* Begin XCBuildConfiguration section */
		15050329225AA1570033FD83 /* Debug */ = {
			isa = XCBuildConfiguration;
			buildSettings = {
				ALWAYS_SEARCH_USER_PATHS = NO;
				CLANG_ANALYZER_NONNULL = YES;
				CLANG_ANALYZER_NUMBER_OBJECT_CONVERSION = YES_AGGRESSIVE;
				CLANG_CXX_LANGUAGE_STANDARD = "gnu++14";
				CLANG_CXX_LIBRARY = "libc++";
				CLANG_ENABLE_MODULES = YES;
				CLANG_ENABLE_OBJC_ARC = YES;
				CLANG_ENABLE_OBJC_WEAK = YES;
				CLANG_WARN_BLOCK_CAPTURE_AUTORELEASING = YES;
				CLANG_WARN_BOOL_CONVERSION = YES;
				CLANG_WARN_COMMA = YES;
				CLANG_WARN_CONSTANT_CONVERSION = YES;
				CLANG_WARN_DEPRECATED_OBJC_IMPLEMENTATIONS = YES;
				CLANG_WARN_DIRECT_OBJC_ISA_USAGE = YES_ERROR;
				CLANG_WARN_DOCUMENTATION_COMMENTS = YES;
				CLANG_WARN_EMPTY_BODY = YES;
				CLANG_WARN_ENUM_CONVERSION = YES;
				CLANG_WARN_INFINITE_RECURSION = YES;
				CLANG_WARN_INT_CONVERSION = YES;
				CLANG_WARN_NON_LITERAL_NULL_CONVERSION = YES;
				CLANG_WARN_OBJC_IMPLICIT_RETAIN_SELF = YES;
				CLANG_WARN_OBJC_LITERAL_CONVERSION = YES;
				CLANG_WARN_OBJC_ROOT_CLASS = YES_ERROR;
				CLANG_WARN_RANGE_LOOP_ANALYSIS = YES;
				CLANG_WARN_STRICT_PROTOTYPES = YES;
				CLANG_WARN_SUSPICIOUS_MOVE = YES;
				CLANG_WARN_UNGUARDED_AVAILABILITY = YES_AGGRESSIVE;
				CLANG_WARN_UNREACHABLE_CODE = YES;
				CLANG_WARN__DUPLICATE_METHOD_MATCH = YES;
				CODE_SIGN_IDENTITY = "iPhone Developer";
				COPY_PHASE_STRIP = NO;
				DEBUG_INFORMATION_FORMAT = dwarf;
				ENABLE_STRICT_OBJC_MSGSEND = YES;
				ENABLE_TESTABILITY = YES;
				GCC_C_LANGUAGE_STANDARD = gnu11;
				GCC_DYNAMIC_NO_PIC = NO;
				GCC_NO_COMMON_BLOCKS = YES;
				GCC_OPTIMIZATION_LEVEL = 0;
				GCC_PREPROCESSOR_DEFINITIONS = (
					"DEBUG=1",
					"$(inherited)",
				);
				GCC_WARN_64_TO_32_BIT_CONVERSION = YES;
				GCC_WARN_ABOUT_RETURN_TYPE = YES_ERROR;
				GCC_WARN_UNDECLARED_SELECTOR = YES;
				GCC_WARN_UNINITIALIZED_AUTOS = YES_AGGRESSIVE;
				GCC_WARN_UNUSED_FUNCTION = YES;
				GCC_WARN_UNUSED_VARIABLE = YES;
				IPHONEOS_DEPLOYMENT_TARGET = 12.0;
				MTL_ENABLE_DEBUG_INFO = INCLUDE_SOURCE;
				MTL_FAST_MATH = YES;
				ONLY_ACTIVE_ARCH = YES;
				SDKROOT = iphoneos;
				SWIFT_ACTIVE_COMPILATION_CONDITIONS = DEBUG;
				SWIFT_OPTIMIZATION_LEVEL = "-Onone";
			};
			name = Debug;
		};
		1505032A225AA1570033FD83 /* Release */ = {
			isa = XCBuildConfiguration;
			buildSettings = {
				ALWAYS_SEARCH_USER_PATHS = NO;
				CLANG_ANALYZER_NONNULL = YES;
				CLANG_ANALYZER_NUMBER_OBJECT_CONVERSION = YES_AGGRESSIVE;
				CLANG_CXX_LANGUAGE_STANDARD = "gnu++14";
				CLANG_CXX_LIBRARY = "libc++";
				CLANG_ENABLE_MODULES = YES;
				CLANG_ENABLE_OBJC_ARC = YES;
				CLANG_ENABLE_OBJC_WEAK = YES;
				CLANG_WARN_BLOCK_CAPTURE_AUTORELEASING = YES;
				CLANG_WARN_BOOL_CONVERSION = YES;
				CLANG_WARN_COMMA = YES;
				CLANG_WARN_CONSTANT_CONVERSION = YES;
				CLANG_WARN_DEPRECATED_OBJC_IMPLEMENTATIONS = YES;
				CLANG_WARN_DIRECT_OBJC_ISA_USAGE = YES_ERROR;
				CLANG_WARN_DOCUMENTATION_COMMENTS = YES;
				CLANG_WARN_EMPTY_BODY = YES;
				CLANG_WARN_ENUM_CONVERSION = YES;
				CLANG_WARN_INFINITE_RECURSION = YES;
				CLANG_WARN_INT_CONVERSION = YES;
				CLANG_WARN_NON_LITERAL_NULL_CONVERSION = YES;
				CLANG_WARN_OBJC_IMPLICIT_RETAIN_SELF = YES;
				CLANG_WARN_OBJC_LITERAL_CONVERSION = YES;
				CLANG_WARN_OBJC_ROOT_CLASS = YES_ERROR;
				CLANG_WARN_RANGE_LOOP_ANALYSIS = YES;
				CLANG_WARN_STRICT_PROTOTYPES = YES;
				CLANG_WARN_SUSPICIOUS_MOVE = YES;
				CLANG_WARN_UNGUARDED_AVAILABILITY = YES_AGGRESSIVE;
				CLANG_WARN_UNREACHABLE_CODE = YES;
				CLANG_WARN__DUPLICATE_METHOD_MATCH = YES;
				CODE_SIGN_IDENTITY = "iPhone Developer";
				COPY_PHASE_STRIP = NO;
				DEBUG_INFORMATION_FORMAT = "dwarf-with-dsym";
				ENABLE_NS_ASSERTIONS = NO;
				ENABLE_STRICT_OBJC_MSGSEND = YES;
				GCC_C_LANGUAGE_STANDARD = gnu11;
				GCC_NO_COMMON_BLOCKS = YES;
				GCC_WARN_64_TO_32_BIT_CONVERSION = YES;
				GCC_WARN_ABOUT_RETURN_TYPE = YES_ERROR;
				GCC_WARN_UNDECLARED_SELECTOR = YES;
				GCC_WARN_UNINITIALIZED_AUTOS = YES_AGGRESSIVE;
				GCC_WARN_UNUSED_FUNCTION = YES;
				GCC_WARN_UNUSED_VARIABLE = YES;
				IPHONEOS_DEPLOYMENT_TARGET = 12.0;
				MTL_ENABLE_DEBUG_INFO = NO;
				MTL_FAST_MATH = YES;
				SDKROOT = iphoneos;
				SWIFT_COMPILATION_MODE = wholemodule;
				SWIFT_OPTIMIZATION_LEVEL = "-O";
				VALIDATE_PRODUCT = YES;
			};
			name = Release;
		};
		1505032C225AA1570033FD83 /* Debug */ = {
			isa = XCBuildConfiguration;
			buildSettings = {
				ASSETCATALOG_COMPILER_APPICON_NAME = AppIcon;
				CODE_SIGN_STYLE = Automatic;
				DEVELOPMENT_TEAM = X6GVVL7554;
				INFOPLIST_FILE = "Color Trek/Info.plist";
				IPHONEOS_DEPLOYMENT_TARGET = 12.2;
				LD_RUNPATH_SEARCH_PATHS = (
					"$(inherited)",
					"@executable_path/Frameworks",
				);
				PRODUCT_BUNDLE_IDENTIFIER = "Prep-Course.Color-Trek";
				PRODUCT_NAME = "$(TARGET_NAME)";
				SWIFT_VERSION = 4.2;
				TARGETED_DEVICE_FAMILY = "1,2";
			};
			name = Debug;
		};
		1505032D225AA1570033FD83 /* Release */ = {
			isa = XCBuildConfiguration;
			buildSettings = {
				ASSETCATALOG_COMPILER_APPICON_NAME = AppIcon;
				CODE_SIGN_STYLE = Automatic;
				DEVELOPMENT_TEAM = X6GVVL7554;
				INFOPLIST_FILE = "Color Trek/Info.plist";
				IPHONEOS_DEPLOYMENT_TARGET = 12.2;
				LD_RUNPATH_SEARCH_PATHS = (
					"$(inherited)",
					"@executable_path/Frameworks",
				);
				PRODUCT_BUNDLE_IDENTIFIER = "Prep-Course.Color-Trek";
				PRODUCT_NAME = "$(TARGET_NAME)";
				SWIFT_VERSION = 4.2;
				TARGETED_DEVICE_FAMILY = "1,2";
			};
			name = Release;
		};
/* End XCBuildConfiguration section */

/* Begin XCConfigurationList section */
		1505030E225AA1530033FD83 /* Build configuration list for PBXProject "Color Trek" */ = {
			isa = XCConfigurationList;
			buildConfigurations = (
				15050329225AA1570033FD83 /* Debug */,
				1505032A225AA1570033FD83 /* Release */,
			);
			defaultConfigurationIsVisible = 0;
			defaultConfigurationName = Release;
		};
		1505032B225AA1570033FD83 /* Build configuration list for PBXNativeTarget "Color Trek" */ = {
			isa = XCConfigurationList;
			buildConfigurations = (
				1505032C225AA1570033FD83 /* Debug */,
				1505032D225AA1570033FD83 /* Release */,
			);
			defaultConfigurationIsVisible = 0;
			defaultConfigurationName = Release;
		};
/* End XCConfigurationList section */
	};
	rootObject = 1505030B225AA1530033FD83 /* Project object */;
}
